
Microsoft Visual Studio Solution File, Format Version 12.00
# Visual Studio Version 16
VisualStudioVersion = 16.0.30621.155
MinimumVisualStudioVersion = 10.0.40219.1
Project("{8BC9CEB8-8B4A-11D0-8D11-00A0C91BC942}") = "项目", "项目\项目.vcxproj", "{B2AAD4F2-C5DC-45F9-8D58-B1B3414D27DA}"
EndProject
Global
	GlobalSection(SolutionConfigurationPlatforms) = preSolution
		Debug|x64 = Debug|x64
		Debug|x86 = Debug|x86
		Release|x64 = Release|x64
		Release|x86 = Release|x86
	EndGlobalSection
	GlobalSection(ProjectConfigurationPlatforms) = postSolution
		{B2AAD4F2-C5DC-45F9-8D58-B1B3414D27DA}.Debug|x64.ActiveCfg = Debug|x64
		{B2AAD4F2-C5DC-45F9-8D58-B1B3414D27DA}.Debug|x64.Build.0 = Debug|x64
		{B2AAD4F2-C5DC-45F9-8D58-B1B3414D27DA}.Debug|x86.ActiveCfg = Debug|Win32
		{B2AAD4F2-C5DC-45F9-8D58-B1B3414D27DA}.Debug|x86.Build.0 = Debug|Win32
		{B2AAD4F2-C5DC-45F9-8D58-B1B3414D27DA}.Release|x64.ActiveCfg = Release|x64
		{B2AAD4F2-C5DC-45F9-8D58-B1B3414D27DA}.Release|x64.Build.0 = Release|x64
		{B2AAD4F2-C5DC-45F9-8D58-B1B3414D27DA}.Release|x86.ActiveCfg = Release|Win32
		{B2AAD4F2-C5DC-45F9-8D58-B1B3414D27DA}.Release|x86.Build.0 = Release|Win32
	EndGlobalSection
	GlobalSection(SolutionProperties) = preSolution
		HideSolutionNode = FALSE
	EndGlobalSection
	GlobalSection(ExtensibilityGlobals) = postSolution
		SolutionGuid = {731EC6FC-7D11-45D6-80D5-C08E003E8774}
	EndGlobalSection
EndGlobal
